
Microsoft Visual Studio Solution File, Format Version 12.00
# Visual Studio 2015
Project("{FAE04EC0-301F-11D3-BF4B-00C04F79EFBC}") = "The Zul Heist.CSharp", "The Zul Heist.CSharp.csproj", "{6BBD4D29-C3D7-E6AE-8ACC-7A330C6AE4FB}"
EndProject
Global
	GlobalSection(SolutionConfigurationPlatforms) = preSolution
		Debug|Any CPU = Debug|Any CPU
		Release|Any CPU = Release|Any CPU
	EndGlobalSection
	GlobalSection(ProjectConfigurationPlatforms) = postSolution
		{6BBD4D29-C3D7-E6AE-8ACC-7A330C6AE4FB}.Debug|Any CPU.ActiveCfg = Debug|Any CPU
		{6BBD4D29-C3D7-E6AE-8ACC-7A330C6AE4FB}.Debug|Any CPU.Build.0 = Debug|Any CPU
		{6BBD4D29-C3D7-E6AE-8ACC-7A330C6AE4FB}.Release|Any CPU.ActiveCfg = Release|Any CPU
		{6BBD4D29-C3D7-E6AE-8ACC-7A330C6AE4FB}.Release|Any CPU.Build.0 = Release|Any CPU
	EndGlobalSection
	GlobalSection(SolutionProperties) = preSolution
		HideSolutionNode = FALSE
	EndGlobalSection
EndGlobal
